
Microsoft Visual Studio Solution File, Format Version 12.00
# Visual Studio Version 17
VisualStudioVersion = 17.8.34309.116
MinimumVisualStudioVersion = 10.0.40219.1
Project("{FAE04EC0-301F-11D3-BF4B-00C04F79EFBC}") = "ApiToken", "ApiToken\ApiToken.csproj", "{F74425A4-8AFC-4BBC-A02E-95822D0FCDFE}"
EndProject
Global
	GlobalSection(SolutionConfigurationPlatforms) = preSolution
		Debug|Any CPU = Debug|Any CPU
		Release|Any CPU = Release|Any CPU
	EndGlobalSection
	GlobalSection(ProjectConfigurationPlatforms) = postSolution
		{F74425A4-8AFC-4BBC-A02E-95822D0FCDFE}.Debug|Any CPU.ActiveCfg = Debug|Any CPU
		{F74425A4-8AFC-4BBC-A02E-95822D0FCDFE}.Debug|Any CPU.Build.0 = Debug|Any CPU
		{F74425A4-8AFC-4BBC-A02E-95822D0FCDFE}.Release|Any CPU.ActiveCfg = Release|Any CPU
		{F74425A4-8AFC-4BBC-A02E-95822D0FCDFE}.Release|Any CPU.Build.0 = Release|Any CPU
	EndGlobalSection
	GlobalSection(SolutionProperties) = preSolution
		HideSolutionNode = FALSE
	EndGlobalSection
	GlobalSection(ExtensibilityGlobals) = postSolution
		SolutionGuid = {F9070D86-4844-4028-BD18-6111A4E871B6}
	EndGlobalSection
EndGlobal
